// !$*UTF8*$!
{
	archiveVersion = 1;
	classes = {
	};
	objectVersion = 50;
	objects = {

/* Begin PBXBuildFile section */
		DB2A073627E4A023009DEF9F /* main.cpp in Sources */ = {isa = PBXBuildFile; fileRef = DB2A073527E4A023009DEF9F /* main.cpp */; };
		DB2A073E27E4A058009DEF9F /* Account.cpp in Sources */ = {isa = PBXBuildFile; fileRef = DB2A073C27E4A058009DEF9F /* Account.cpp */; };
		DB2A074127E4A093009DEF9F /* Checking.cpp in Sources */ = {isa = PBXBuildFile; fileRef = DB2A073F27E4A093009DEF9F /* Checking.cpp */; };
		DB2A074427E4A0CC009DEF9F /* Savings.cpp in Sources */ = {isa = PBXBuildFile; fileRef = DB2A074227E4A0CC009DEF9F /* Savings.cpp */; };
		DB2A074727E4A0F5009DEF9F /* Transaction.cpp in Sources */ = {isa = PBXBuildFile; fileRef = DB2A074527E4A0F5009DEF9F /* Transaction.cpp */; };
/* End PBXBuildFile section */

/* Begin PBXCopyFilesBuildPhase section */
		DB2A073027E4A023009DEF9F /* CopyFiles */ = {
			isa = PBXCopyFilesBuildPhase;
			buildActionMask = 2147483647;
			dstPath = /usr/share/man/man1/;
			dstSubfolderSpec = 0;
			files = (
			);
			runOnlyForDeploymentPostprocessing = 1;
		};
/* End PBXCopyFilesBuildPhase section */

/* Begin PBXFileReference section */
		DB2A073227E4A023009DEF9F /* OOP */ = {isa = PBXFileReference; explicitFileType = "compiled.mach-o.executable"; includeInIndex = 0; path = OOP; sourceTree = BUILT_PRODUCTS_DIR; };
		DB2A073527E4A023009DEF9F /* main.cpp */ = {isa = PBXFileReference; lastKnownFileType = sourcecode.cpp.cpp; path = main.cpp; sourceTree = "<group>"; };
		DB2A073C27E4A058009DEF9F /* Account.cpp */ = {isa = PBXFileReference; lastKnownFileType = sourcecode.cpp.cpp; path = Account.cpp; sourceTree = "<group>"; };
		DB2A073D27E4A058009DEF9F /* Account.hpp */ = {isa = PBXFileReference; lastKnownFileType = sourcecode.cpp.h; path = Account.hpp; sourceTree = "<group>"; };
		DB2A073F27E4A093009DEF9F /* Checking.cpp */ = {isa = PBXFileReference; lastKnownFileType = sourcecode.cpp.cpp; path = Checking.cpp; sourceTree = "<group>"; };
		DB2A074027E4A093009DEF9F /* Checking.hpp */ = {isa = PBXFileReference; lastKnownFileType = sourcecode.cpp.h; path = Checking.hpp; sourceTree = "<group>"; };
		DB2A074227E4A0CC009DEF9F /* Savings.cpp */ = {isa = PBXFileReference; lastKnownFileType = sourcecode.cpp.cpp; path = Savings.cpp; sourceTree = "<group>"; };
		DB2A074327E4A0CC009DEF9F /* Savings.hpp */ = {isa = PBXFileReference; lastKnownFileType = sourcecode.cpp.h; path = Savings.hpp; sourceTree = "<group>"; };
		DB2A074527E4A0F5009DEF9F /* Transaction.cpp */ = {isa = PBXFileReference; lastKnownFileType = sourcecode.cpp.cpp; path = Transaction.cpp; sourceTree = "<group>"; };
		DB2A074627E4A0F5009DEF9F /* Transaction.hpp */ = {isa = PBXFileReference; lastKnownFileType = sourcecode.cpp.h; path = Transaction.hpp; sourceTree = "<group>"; };
/* End PBXFileReference section */

/* Begin PBXFrameworksBuildPhase section */
		DB2A072F27E4A023009DEF9F /* Frameworks */ = {
			isa = PBXFrameworksBuildPhase;
			buildActionMask = 2147483647;
			files = (
			);
			runOnlyForDeploymentPostprocessing = 0;
		};
/* End PBXFrameworksBuildPhase section */

/* Begin PBXGroup section */
		DB2A072927E4A023009DEF9F = {
			isa = PBXGroup;
			children = (
				DB2A073427E4A023009DEF9F /* OOP */,
				DB2A073327E4A023009DEF9F /* Products */,
			);
			sourceTree = "<group>";
		};
		DB2A073327E4A023009DEF9F /* Products */ = {
			isa = PBXGroup;
			children = (
				DB2A073227E4A023009DEF9F /* OOP */,
			);
			name = Products;
			sourceTree = "<group>";
		};
		DB2A073427E4A023009DEF9F /* OOP */ = {
			isa = PBXGroup;
			children = (
				DB2A073527E4A023009DEF9F /* main.cpp */,
				DB2A073C27E4A058009DEF9F /* Account.cpp */,
				DB2A073D27E4A058009DEF9F /* Account.hpp */,
				DB2A073F27E4A093009DEF9F /* Checking.cpp */,
				DB2A074027E4A093009DEF9F /* Checking.hpp */,
				DB2A074227E4A0CC009DEF9F /* Savings.cpp */,
				DB2A074327E4A0CC009DEF9F /* Savings.hpp */,
				DB2A074527E4A0F5009DEF9F /* Transaction.cpp */,
				DB2A074627E4A0F5009DEF9F /* Transaction.hpp */,
			);
			path = OOP;
			sourceTree = "<group>";
		};
/* End PBXGroup section */

/* Begin PBXNativeTarget section */
		DB2A073127E4A023009DEF9F /* OOP */ = {
			isa = PBXNativeTarget;
			buildConfigurationList = DB2A073927E4A023009DEF9F /* Build configuration list for PBXNativeTarget "OOP" */;
			buildPhases = (
				DB2A072E27E4A023009DEF9F /* Sources */,
				DB2A072F27E4A023009DEF9F /* Frameworks */,
				DB2A073027E4A023009DEF9F /* CopyFiles */,
			);
			buildRules = (
			);
			dependencies = (
			);
			name = OOP;
			productName = OOP;
			productReference = DB2A073227E4A023009DEF9F /* OOP */;
			productType = "com.apple.product-type.tool";
		};
/* End PBXNativeTarget section */

/* Begin PBXProject section */
		DB2A072A27E4A023009DEF9F /* Project object */ = {
			isa = PBXProject;
			attributes = {
				LastUpgradeCheck = 1250;
				TargetAttributes = {
					DB2A073127E4A023009DEF9F = {
						CreatedOnToolsVersion = 12.5.1;
					};
				};
			};
			buildConfigurationList = DB2A072D27E4A023009DEF9F /* Build configuration list for PBXProject "OOP" */;
			compatibilityVersion = "Xcode 9.3";
			developmentRegion = en;
			hasScannedForEncodings = 0;
			knownRegions = (
				en,
				Base,
			);
			mainGroup = DB2A072927E4A023009DEF9F;
			productRefGroup = DB2A073327E4A023009DEF9F /* Products */;
			projectDirPath = "";
			projectRoot = "";
			targets = (
				DB2A073127E4A023009DEF9F /* OOP */,
			);
		};
/* End PBXProject section */

/* Begin PBXSourcesBuildPhase section */
		DB2A072E27E4A023009DEF9F /* Sources */ = {
			isa = PBXSourcesBuildPhase;
			buildActionMask = 2147483647;
			files = (
				DB2A073627E4A023009DEF9F /* main.cpp in Sources */,
				DB2A073E27E4A058009DEF9F /* Account.cpp in Sources */,
				DB2A074727E4A0F5009DEF9F /* Transaction.cpp in Sources */,
				DB2A074127E4A093009DEF9F /* Checking.cpp in Sources */,
				DB2A074427E4A0CC009DEF9F /* Savings.cpp in Sources */,
			);
			runOnlyForDeploymentPostprocessing = 0;
		};
/* End PBXSourcesBuildPhase section */

/* Begin XCBuildConfiguration section */
		DB2A073727E4A023009DEF9F /* Debug */ = {
			isa = XCBuildConfiguration;
			buildSettings = {
				ALWAYS_SEARCH_USER_PATHS = NO;
				CLANG_ANALYZER_NONNULL = YES;
				CLANG_ANALYZER_NUMBER_OBJECT_CONVERSION = YES_AGGRESSIVE;
				CLANG_CXX_LANGUAGE_STANDARD = "gnu++14";
				CLANG_CXX_LIBRARY = "libc++";
				CLANG_ENABLE_MODULES = YES;
				CLANG_ENABLE_OBJC_ARC = YES;
				CLANG_ENABLE_OBJC_WEAK = YES;
				CLANG_WARN_BLOCK_CAPTURE_AUTORELEASING = YES;
				CLANG_WARN_BOOL_CONVERSION = YES;
				CLANG_WARN_COMMA = YES;
				CLANG_WARN_CONSTANT_CONVERSION = YES;
				CLANG_WARN_DEPRECATED_OBJC_IMPLEMENTATIONS = YES;
				CLANG_WARN_DIRECT_OBJC_ISA_USAGE = YES_ERROR;
				CLANG_WARN_DOCUMENTATION_COMMENTS = YES;
				CLANG_WARN_EMPTY_BODY = YES;
				CLANG_WARN_ENUM_CONVERSION = YES;
				CLANG_WARN_INFINITE_RECURSION = YES;
				CLANG_WARN_INT_CONVERSION = YES;
				CLANG_WARN_NON_LITERAL_NULL_CONVERSION = YES;
				CLANG_WARN_OBJC_IMPLICIT_RETAIN_SELF = YES;
				CLANG_WARN_OBJC_LITERAL_CONVERSION = YES;
				CLANG_WARN_OBJC_ROOT_CLASS = YES_ERROR;
				CLANG_WARN_QUOTED_INCLUDE_IN_FRAMEWORK_HEADER = YES;
				CLANG_WARN_RANGE_LOOP_ANALYSIS = YES;
				CLANG_WARN_STRICT_PROTOTYPES = YES;
				CLANG_WARN_SUSPICIOUS_MOVE = YES;
				CLANG_WARN_UNGUARDED_AVAILABILITY = YES_AGGRESSIVE;
				CLANG_WARN_UNREACHABLE_CODE = YES;
				CLANG_WARN__DUPLICATE_METHOD_MATCH = YES;
				COPY_PHASE_STRIP = NO;
				DEBUG_INFORMATION_FORMAT = dwarf;
				ENABLE_STRICT_OBJC_MSGSEND = YES;
				ENABLE_TESTABILITY = YES;
				GCC_C_LANGUAGE_STANDARD = gnu11;
				GCC_DYNAMIC_NO_PIC = NO;
				GCC_NO_COMMON_BLOCKS = YES;
				GCC_OPTIMIZATION_LEVEL = 0;
				GCC_PREPROCESSOR_DEFINITIONS = (
					"DEBUG=1",
					"$(inherited)",
				);
				GCC_WARN_64_TO_32_BIT_CONVERSION = YES;
				GCC_WARN_ABOUT_RETURN_TYPE = YES_ERROR;
				GCC_WARN_UNDECLARED_SELECTOR = YES;
				GCC_WARN_UNINITIALIZED_AUTOS = YES_AGGRESSIVE;
				GCC_WARN_UNUSED_FUNCTION = YES;
				GCC_WARN_UNUSED_VARIABLE = YES;
				MACOSX_DEPLOYMENT_TARGET = 11.3;
				MTL_ENABLE_DEBUG_INFO = INCLUDE_SOURCE;
				MTL_FAST_MATH = YES;
				ONLY_ACTIVE_ARCH = YES;
				SDKROOT = macosx;
			};
			name = Debug;
		};
		DB2A073827E4A023009DEF9F /* Release */ = {
			isa = XCBuildConfiguration;
			buildSettings = {
				ALWAYS_SEARCH_USER_PATHS = NO;
				CLANG_ANALYZER_NONNULL = YES;
				CLANG_ANALYZER_NUMBER_OBJECT_CONVERSION = YES_AGGRESSIVE;
				CLANG_CXX_LANGUAGE_STANDARD = "gnu++14";
				CLANG_CXX_LIBRARY = "libc++";
				CLANG_ENABLE_MODULES = YES;
				CLANG_ENABLE_OBJC_ARC = YES;
				CLANG_ENABLE_OBJC_WEAK = YES;
				CLANG_WARN_BLOCK_CAPTURE_AUTORELEASING = YES;
				CLANG_WARN_BOOL_CONVERSION = YES;
				CLANG_WARN_COMMA = YES;
				CLANG_WARN_CONSTANT_CONVERSION = YES;
				CLANG_WARN_DEPRECATED_OBJC_IMPLEMENTATIONS = YES;
				CLANG_WARN_DIRECT_OBJC_ISA_USAGE = YES_ERROR;
				CLANG_WARN_DOCUMENTATION_COMMENTS = YES;
				CLANG_WARN_EMPTY_BODY = YES;
				CLANG_WARN_ENUM_CONVERSION = YES;
				CLANG_WARN_INFINITE_RECURSION = YES;
				CLANG_WARN_INT_CONVERSION = YES;
				CLANG_WARN_NON_LITERAL_NULL_CONVERSION = YES;
				CLANG_WARN_OBJC_IMPLICIT_RETAIN_SELF = YES;
				CLANG_WARN_OBJC_LITERAL_CONVERSION = YES;
				CLANG_WARN_OBJC_ROOT_CLASS = YES_ERROR;
				CLANG_WARN_QUOTED_INCLUDE_IN_FRAMEWORK_HEADER = YES;
				CLANG_WARN_RANGE_LOOP_ANALYSIS = YES;
				CLANG_WARN_STRICT_PROTOTYPES = YES;
				CLANG_WARN_SUSPICIOUS_MOVE = YES;
				CLANG_WARN_UNGUARDED_AVAILABILITY = YES_AGGRESSIVE;
				CLANG_WARN_UNREACHABLE_CODE = YES;
				CLANG_WARN__DUPLICATE_METHOD_MATCH = YES;
				COPY_PHASE_STRIP = NO;
				DEBUG_INFORMATION_FORMAT = "dwarf-with-dsym";
				ENABLE_NS_ASSERTIONS = NO;
				ENABLE_STRICT_OBJC_MSGSEND = YES;
				GCC_C_LANGUAGE_STANDARD = gnu11;
				GCC_NO_COMMON_BLOCKS = YES;
				GCC_WARN_64_TO_32_BIT_CONVERSION = YES;
				GCC_WARN_ABOUT_RETURN_TYPE = YES_ERROR;
				GCC_WARN_UNDECLARED_SELECTOR = YES;
				GCC_WARN_UNINITIALIZED_AUTOS = YES_AGGRESSIVE;
				GCC_WARN_UNUSED_FUNCTION = YES;
				GCC_WARN_UNUSED_VARIABLE = YES;
				MACOSX_DEPLOYMENT_TARGET = 11.3;
				MTL_ENABLE_DEBUG_INFO = NO;
				MTL_FAST_MATH = YES;
				SDKROOT = macosx;
			};
			name = Release;
		};
		DB2A073A27E4A023009DEF9F /* Debug */ = {
			isa = XCBuildConfiguration;
			buildSettings = {
				CODE_SIGN_STYLE = Automatic;
				PRODUCT_NAME = "$(TARGET_NAME)";
			};
			name = Debug;
		};
		DB2A073B27E4A023009DEF9F /* Release */ = {
			isa = XCBuildConfiguration;
			buildSettings = {
				CODE_SIGN_STYLE = Automatic;
				PRODUCT_NAME = "$(TARGET_NAME)";
			};
			name = Release;
		};
/* End XCBuildConfiguration section */

/* Begin XCConfigurationList section */
		DB2A072D27E4A023009DEF9F /* Build configuration list for PBXProject "OOP" */ = {
			isa = XCConfigurationList;
			buildConfigurations = (
				DB2A073727E4A023009DEF9F /* Debug */,
				DB2A073827E4A023009DEF9F /* Release */,
			);
			defaultConfigurationIsVisible = 0;
			defaultConfigurationName = Release;
		};
		DB2A073927E4A023009DEF9F /* Build configuration list for PBXNativeTarget "OOP" */ = {
			isa = XCConfigurationList;
			buildConfigurations = (
				DB2A073A27E4A023009DEF9F /* Debug */,
				DB2A073B27E4A023009DEF9F /* Release */,
			);
			defaultConfigurationIsVisible = 0;
			defaultConfigurationName = Release;
		};
/* End XCConfigurationList section */
	};
	rootObject = DB2A072A27E4A023009DEF9F /* Project object */;
}
